{
  "nodes": {
    "colmena-flake": {
      "locked": {
        "lastModified": 1751679594,
        "narHash": "sha256-6XvUrbAK1F+Qj2eAY9SjQ9+PGxCI/nR1csWGuBr6+oE=",
        "owner": "juspay",
        "repo": "colmena-flake",
        "rev": "792fde47352e137ca49294e7333fac52003e8ddd",
        "type": "github"
      },
      "original": {
        "owner": "juspay",
        "repo": "colmena-flake",
        "type": "github"
      }
    },
    "desec-nu": {
      "locked": {
        "lastModified": 1785279848,
        "narHash": "sha256-U2KHIjceI8fDRl/o9Uggi+3naxfGEeMi3Tpb2b9s6xs=",
        "ref": "refs/heads/main",
        "rev": "7706d145d9726d9519f4230180d2967162c1bc91",
        "revCount": 9,
        "type": "git",
        "url": "https://codeberg.org/lykos153/desec-nu.git"
      },
      "original": {
        "type": "git",
        "url": "https://codeberg.org/lykos153/desec-nu.git"
      }
    },
    "direnv": {
      "inputs": {
        "flake-parts": [
          "flake-parts"
        ],
        "nixpkgs": [
          "nixpkgs"
        ],
        "treefmt-nix": "treefmt-nix"
      },
      "locked": {
        "lastModified": 1786243389,
        "narHash": "sha256-KPZbCaaBh1hcR5K6MhtB19Q9ZGJAdjlbDy41GlG9cYo=",
        "owner": "nix-community",
        "repo": "nix-direnv",
        "rev": "d0a5a701ea08089b69d9cb4154e29bcf38198c52",
        "type": "github"
      },
      "original": {
        "owner": "nix-community",
        "repo": "nix-direnv",
        "type": "github"
      }
    },
    "disko": {
      "inputs": {
        "nixpkgs": [
          "nixpkgs"
        ]
      },
      "locked": {
        "lastModified": 1781152676,
        "narHash": "sha256-RxWs5ND31KzTG7wvMM+PMfUjyNpmIEr999lqNARaM5o=",
        "owner": "nix-community",
        "repo": "disko",
        "rev": "ff8702b4de27f72b4c78573dfb89ec74e36abdf1",
        "type": "github"
      },
      "original": {
        "owner": "nix-community",
        "repo": "disko",
        "type": "github"
      }
    },
    "flake-parts": {
      "inputs": {
        "nixpkgs-lib": "nixpkgs-lib"
      },
      "locked": {
        "lastModified": 1785627969,
        "narHash": "sha256-4dtXQk/NMePegK/nWp5NSeuZKLATItOq61lpEvmXqGw=",
        "owner": "hercules-ci",
        "repo": "flake-parts",
        "rev": "427bf4bd9435fdf21321c8cc628c24efc14c0f7a",
        "type": "github"
      },
      "original": {
        "owner": "hercules-ci",
        "repo": "flake-parts",
        "type": "github"
      }
    },
    "home-manager": {
      "inputs": {
        "nixpkgs": [
          "nixpkgs"
        ]
      },
      "locked": {
        "lastModified": 1786501082,
        "narHash": "sha256-ROC70hdloiAY74yodpAgT0sP1dmYk+vchjYsrfmhfiM=",
        "owner": "nix-community",
        "repo": "home-manager",
        "rev": "99e84ee7387ff24cd112ff51f71c3465eb9cb770",
        "type": "github"
      },
      "original": {
        "owner": "nix-community",
        "repo": "home-manager",
        "type": "github"
      }
    },
    "impermanence": {
      "inputs": {
        "home-manager": [
          "home-manager"
        ],
        "nixpkgs": "nixpkgs"
      },
      "locked": {
        "lastModified": 1769548169,
        "narHash": "sha256-03+JxvzmfwRu+5JafM0DLbxgHttOQZkUtDWBmeUkN8Y=",
        "owner": "nix-community",
        "repo": "impermanence",
        "rev": "7b1d382faf603b6d264f58627330f9faa5cba149",
        "type": "github"
      },
      "original": {
        "owner": "nix-community",
        "repo": "impermanence",
        "type": "github"
      }
    },
    "json2nix": {
      "inputs": {
        "flake-parts": [
          "flake-parts"
        ],
        "nixpkgs": [
          "nixpkgs"
        ]
      },
      "locked": {
        "lastModified": 1777898154,
        "narHash": "sha256-3u6Z8kFlz3j/Lu0/GN7muFOnEr8Hfg1XPhMN4SQe1Dg=",
        "owner": "cloudandheat",
        "repo": "json2nix",
        "rev": "9f6b36d6ca044a21dfab889d903c81d7d8c249c8",
        "type": "github"
      },
      "original": {
        "owner": "cloudandheat",
        "repo": "json2nix",
        "type": "github"
      }
    },
    "musnix": {
      "inputs": {
        "nixpkgs": [
          "nixpkgs"
        ]
      },
      "locked": {
        "lastModified": 1777848538,
        "narHash": "sha256-Dj51C0NWsglqRrCpdmMr2nFiYacFOid1Tor4H9yG2HY=",
        "owner": "musnix",
        "repo": "musnix",
        "rev": "8548782f0d1d0928daa3fffde8a008f72219a3f3",
        "type": "github"
      },
      "original": {
        "owner": "musnix",
        "repo": "musnix",
        "type": "github"
      }
    },
    "mynur": {
      "inputs": {
        "nixpkgs": [
          "nixpkgs"
        ]
      },
      "locked": {
        "lastModified": 1763334791,
        "narHash": "sha256-pDiE+5+7uluLmwOb9JWCMLjjWCfDWl90Wa/W27aZSG4=",
        "owner": "Lykos153",
        "repo": "nur-packages",
        "rev": "ffac42685a1862b2520621eba4ec6901d00aeca0",
        "type": "github"
      },
      "original": {
        "owner": "Lykos153",
        "repo": "nur-packages",
        "type": "github"
      }
    },
    "nix-index-database": {
      "inputs": {
        "nixpkgs": [
          "nixpkgs"
        ]
      },
      "locked": {
        "lastModified": 1786249295,
        "narHash": "sha256-Y2mSr+HLKYoOsjiackgilxkHXe8gkJ3z4hFFekjQX3I=",
        "owner": "nix-community",
        "repo": "nix-index-database",
        "rev": "14d55b8069119e3b88da7aa2f6c97f86a2cd3cd6",
        "type": "github"
      },
      "original": {
        "owner": "nix-community",
        "repo": "nix-index-database",
        "type": "github"
      }
    },
    "nix-vscode-extensions": {
      "inputs": {
        "nixpkgs": [
          "nixpkgs"
        ]
      },
      "locked": {
        "lastModified": 1786501719,
        "narHash": "sha256-w3lVh5vHkOWUmnZFT8Wu4ciCkRwP6noYWY7F8Sp8b+4=",
        "owner": "nix-community",
        "repo": "nix-vscode-extensions",
        "rev": "1ab4df863a22c3ba730eb49d8fdd80830e12d65c",
        "type": "github"
      },
      "original": {
        "owner": "nix-community",
        "repo": "nix-vscode-extensions",
        "type": "github"
      }
    },
    "nixpkgs": {
      "locked": {
        "lastModified": 1768564909,
        "narHash": "sha256-Kell/SpJYVkHWMvnhqJz/8DqQg2b6PguxVWOuadbHCc=",
        "owner": "nixos",
        "repo": "nixpkgs",
        "rev": "e4bae1bd10c9c57b2cf517953ab70060a828ee6f",
        "type": "github"
      },
      "original": {
        "owner": "nixos",
        "ref": "nixos-unstable",
        "repo": "nixpkgs",
        "type": "github"
      }
    },
    "nixpkgs-lib": {
      "locked": {
        "lastModified": 1785031560,
        "narHash": "sha256-OmshNvn2vupOFpYinLUu+1Dnpu4n7Q5N3ggGVNHpkUI=",
        "owner": "nix-community",
        "repo": "nixpkgs.lib",
        "rev": "0e79af5e3d4dcfcd676ab5ba3f95d2e3352e078c",
        "type": "github"
      },
      "original": {
        "owner": "nix-community",
        "repo": "nixpkgs.lib",
        "type": "github"
      }
    },
    "nixpkgs-master": {
      "locked": {
        "lastModified": 1786528403,
        "narHash": "sha256-UpIWBQ4Jze4yny1fioevD8p5Q/P+Un5jh05/bfe8CEw=",
        "owner": "nixos",
        "repo": "nixpkgs",
        "rev": "06a1bc65f61c040137db4529ba74756c2d110da3",
        "type": "github"
      },
      "original": {
        "owner": "nixos",
        "ref": "master",
        "repo": "nixpkgs",
        "type": "github"
      }
    },
    "nixpkgs_2": {
      "locked": {
        "lastModified": 1786384358,
        "narHash": "sha256-RzPPiWeUtuvymnpuEWsdtzli5w4kjZs49FqEs3/1u+I=",
        "owner": "nixos",
        "repo": "nixpkgs",
        "rev": "2fcb964de67fcf60b43471c55d5d99e61a9ccb5a",
        "type": "github"
      },
      "original": {
        "owner": "nixos",
        "ref": "nixos-unstable",
        "repo": "nixpkgs",
        "type": "github"
      }
    },
    "nur": {
      "inputs": {
        "flake-parts": [
          "flake-parts"
        ],
        "nixpkgs": [
          "nixpkgs"
        ]
      },
      "locked": {
        "lastModified": 1786530367,
        "narHash": "sha256-49g18d4agCncdiOxpyXgqI7TgmMvo7p47Il+g6KxWG8=",
        "owner": "nix-community",
        "repo": "NUR",
        "rev": "6499efb2c76a6071e7d869af427ca35a4e5f3c1e",
        "type": "github"
      },
      "original": {
        "owner": "nix-community",
        "repo": "NUR",
        "type": "github"
      }
    },
    "p": {
      "inputs": {
        "nixpkgs": [
          "nixpkgs"
        ]
      },
      "locked": {
        "lastModified": 1744487124,
        "narHash": "sha256-j8KKZ2kZOinBJX9QCKj67bCg/VwUp0jG3rNvHQt66rI=",
        "owner": "tomberek",
        "repo": "-",
        "rev": "f058aed419b07d63a8b995c9afccd90d5f4f17d3",
        "type": "github"
      },
      "original": {
        "owner": "tomberek",
        "repo": "-",
        "type": "github"
      }
    },
    "rofi-mum": {
      "inputs": {
        "flake-parts": [
          "flake-parts"
        ],
        "nixpkgs": [
          "nixpkgs"
        ]
      },
      "locked": {
        "lastModified": 1744635787,
        "narHash": "sha256-e99xdjMM+Fffxe1QgyTzzxqD8a2A8XEsmEPw/tefOz8=",
        "owner": "lykos153",
        "repo": "rofi-mum",
        "rev": "bad606f7dff2fd48c9d8a94f33e6fd1286ebde4e",
        "type": "github"
      },
      "original": {
        "owner": "lykos153",
        "repo": "rofi-mum",
        "type": "github"
      }
    },
    "root": {
      "inputs": {
        "colmena-flake": "colmena-flake",
        "desec-nu": "desec-nu",
        "direnv": "direnv",
        "disko": "disko",
        "flake-parts": "flake-parts",
        "home-manager": "home-manager",
        "impermanence": "impermanence",
        "json2nix": "json2nix",
        "musnix": "musnix",
        "mynur": "mynur",
        "nix-index-database": "nix-index-database",
        "nix-vscode-extensions": "nix-vscode-extensions",
        "nixpkgs": "nixpkgs_2",
        "nixpkgs-master": "nixpkgs-master",
        "nur": "nur",
        "p": "p",
        "rofi-mum": "rofi-mum",
        "sops-nix": "sops-nix",
        "yk8s-nu": "yk8s-nu"
      }
    },
    "sops-nix": {
      "inputs": {
        "nixpkgs": [
          "nixpkgs"
        ]
      },
      "locked": {
        "lastModified": 1786375908,
        "narHash": "sha256-G7qDAT98nywA4EFmJCwIRO5wKvDlBBN3BWpsOnjAto8=",
        "owner": "Mic92",
        "repo": "sops-nix",
        "rev": "d1337e05ba0a8e88a75d2c0e1595d82f3b3e2ac4",
        "type": "github"
      },
      "original": {
        "owner": "Mic92",
        "repo": "sops-nix",
        "type": "github"
      }
    },
    "treefmt-nix": {
      "inputs": {
        "nixpkgs": [
          "direnv",
          "nixpkgs"
        ]
      },
      "locked": {
        "lastModified": 1785945821,
        "narHash": "sha256-NLSyTCW4K4ofhNBllt3omPasm6QpralXH1DBZOc91Dw=",
        "owner": "numtide",
        "repo": "treefmt-nix",
        "rev": "ae7910970dddc408fe6ab1c8e4b277bb21d72dc0",
        "type": "github"
      },
      "original": {
        "owner": "numtide",
        "repo": "treefmt-nix",
        "type": "github"
      }
    },
    "yk8s-nu": {
      "flake": false,
      "locked": {
        "lastModified": 1761836893,
        "narHash": "sha256-zz2+OnpLHcx1FauOel1hvU1WHTdRvy9BI2q6ax8ficc=",
        "owner": "lykos153",
        "repo": "yk8s-nu",
        "rev": "f36670f83907d20127fadd42f5b28ab1e08a722c",
        "type": "gitlab"
      },
      "original": {
        "owner": "lykos153",
        "repo": "yk8s-nu",
        "type": "gitlab"
      }
    }
  },
  "root": "root",
  "version": 7
}
