{
  "nodes": {
    "desec-nu": {
      "locked": {
        "lastModified": 1751281483,
        "narHash": "sha256-J1CHBM71iOnyIs+cJ5SYh1m/+gxYHt0bZQpGKA1EDrg=",
        "ref": "refs/heads/main",
        "rev": "f83b790aadb5683c3502e5446b638064795a9178",
        "revCount": 8,
        "type": "git",
        "url": "https://codeberg.org/lykos153/desec-nu.git"
      },
      "original": {
        "type": "git",
        "url": "https://codeberg.org/lykos153/desec-nu.git"
      }
    },
    "direnv": {
      "inputs": {
        "flake-parts": [
          "flake-parts"
        ],
        "nixpkgs": [
          "nixpkgs"
        ],
        "treefmt-nix": "treefmt-nix"
      },
      "locked": {
        "lastModified": 1783220703,
        "narHash": "sha256-lZVr32AB5aP+rvzdcrbnkyuSxx1mcgLaUi8/eClsvlE=",
        "owner": "nix-community",
        "repo": "nix-direnv",
        "rev": "d9d9a251973ce45c28323b27dc9fb50165c82618",
        "type": "github"
      },
      "original": {
        "owner": "nix-community",
        "repo": "nix-direnv",
        "type": "github"
      }
    },
    "disko": {
      "inputs": {
        "nixpkgs": [
          "nixpkgs"
        ]
      },
      "locked": {
        "lastModified": 1781152676,
        "narHash": "sha256-RxWs5ND31KzTG7wvMM+PMfUjyNpmIEr999lqNARaM5o=",
        "owner": "nix-community",
        "repo": "disko",
        "rev": "ff8702b4de27f72b4c78573dfb89ec74e36abdf1",
        "type": "github"
      },
      "original": {
        "owner": "nix-community",
        "repo": "disko",
        "type": "github"
      }
    },
    "flake-parts": {
      "inputs": {
        "nixpkgs-lib": "nixpkgs-lib"
      },
      "locked": {
        "lastModified": 1782949081,
        "narHash": "sha256-vp6Y/Grm98ESt6ceOkWiHWyZRDV3J1RID4w+6NWK9yA=",
        "owner": "hercules-ci",
        "repo": "flake-parts",
        "rev": "17c9d6cdfc60c64f4ee8d306f9bc0b4ccb51481e",
        "type": "github"
      },
      "original": {
        "owner": "hercules-ci",
        "repo": "flake-parts",
        "type": "github"
      }
    },
    "home-manager": {
      "inputs": {
        "nixpkgs": [
          "nixpkgs"
        ]
      },
      "locked": {
        "lastModified": 1783457260,
        "narHash": "sha256-AqqYOaqRhOSQ4MDQLrhEv8RHhiNYlsyH0ywHMypOj/M=",
        "owner": "nix-community",
        "repo": "home-manager",
        "rev": "2ad49968c36044ff10bffc515dc687ea00b4d609",
        "type": "github"
      },
      "original": {
        "owner": "nix-community",
        "repo": "home-manager",
        "type": "github"
      }
    },
    "impermanence": {
      "inputs": {
        "home-manager": [
          "home-manager"
        ],
        "nixpkgs": "nixpkgs"
      },
      "locked": {
        "lastModified": 1769548169,
        "narHash": "sha256-03+JxvzmfwRu+5JafM0DLbxgHttOQZkUtDWBmeUkN8Y=",
        "owner": "nix-community",
        "repo": "impermanence",
        "rev": "7b1d382faf603b6d264f58627330f9faa5cba149",
        "type": "github"
      },
      "original": {
        "owner": "nix-community",
        "repo": "impermanence",
        "type": "github"
      }
    },
    "json2nix": {
      "inputs": {
        "flake-parts": [
          "flake-parts"
        ],
        "nixpkgs": [
          "nixpkgs"
        ]
      },
      "locked": {
        "lastModified": 1777898154,
        "narHash": "sha256-3u6Z8kFlz3j/Lu0/GN7muFOnEr8Hfg1XPhMN4SQe1Dg=",
        "owner": "cloudandheat",
        "repo": "json2nix",
        "rev": "9f6b36d6ca044a21dfab889d903c81d7d8c249c8",
        "type": "github"
      },
      "original": {
        "owner": "cloudandheat",
        "repo": "json2nix",
        "type": "github"
      }
    },
    "mynur": {
      "inputs": {
        "nixpkgs": [
          "nixpkgs"
        ]
      },
      "locked": {
        "lastModified": 1763334791,
        "narHash": "sha256-pDiE+5+7uluLmwOb9JWCMLjjWCfDWl90Wa/W27aZSG4=",
        "owner": "Lykos153",
        "repo": "nur-packages",
        "rev": "ffac42685a1862b2520621eba4ec6901d00aeca0",
        "type": "github"
      },
      "original": {
        "owner": "Lykos153",
        "repo": "nur-packages",
        "type": "github"
      }
    },
    "nix-index-database": {
      "inputs": {
        "nixpkgs": [
          "nixpkgs"
        ]
      },
      "locked": {
        "lastModified": 1783414108,
        "narHash": "sha256-RY8e+gR2/DhXsYDxGDL6Hhe9+POD9u4+llwxMBqMQDs=",
        "owner": "nix-community",
        "repo": "nix-index-database",
        "rev": "96d6de10eb281b98f5cfcd1841394c03da5df77c",
        "type": "github"
      },
      "original": {
        "owner": "nix-community",
        "repo": "nix-index-database",
        "type": "github"
      }
    },
    "nix-vscode-extensions": {
      "inputs": {
        "nixpkgs": [
          "nixpkgs"
        ]
      },
      "locked": {
        "lastModified": 1783396462,
        "narHash": "sha256-0Q3WQGlhzTb6QAXnmleX55Pqn+La4lcXupW1ElN/gZI=",
        "owner": "nix-community",
        "repo": "nix-vscode-extensions",
        "rev": "98798c612761584740eed894f3ca1e1a1a856ac0",
        "type": "github"
      },
      "original": {
        "owner": "nix-community",
        "repo": "nix-vscode-extensions",
        "type": "github"
      }
    },
    "nixpkgs": {
      "locked": {
        "lastModified": 1768564909,
        "narHash": "sha256-Kell/SpJYVkHWMvnhqJz/8DqQg2b6PguxVWOuadbHCc=",
        "owner": "nixos",
        "repo": "nixpkgs",
        "rev": "e4bae1bd10c9c57b2cf517953ab70060a828ee6f",
        "type": "github"
      },
      "original": {
        "owner": "nixos",
        "ref": "nixos-unstable",
        "repo": "nixpkgs",
        "type": "github"
      }
    },
    "nixpkgs-lib": {
      "locked": {
        "lastModified": 1782614948,
        "narHash": "sha256-ePjCwr1sNm9NYUqywL7QfK3JnlS015msC+eBu2zKlp8=",
        "owner": "nix-community",
        "repo": "nixpkgs.lib",
        "rev": "db3f255737b94216eb71cce308e2912cf6bc2d7c",
        "type": "github"
      },
      "original": {
        "owner": "nix-community",
        "repo": "nixpkgs.lib",
        "type": "github"
      }
    },
    "nixpkgs-master": {
      "locked": {
        "lastModified": 1783457701,
        "narHash": "sha256-sFg3QhAIj91KjMwJRSS8Idb1bSAk2JRTZEpVf5HwAUA=",
        "owner": "nixos",
        "repo": "nixpkgs",
        "rev": "295c95c6c69b7564177e3056052cf7fbf6e122d1",
        "type": "github"
      },
      "original": {
        "owner": "nixos",
        "ref": "master",
        "repo": "nixpkgs",
        "type": "github"
      }
    },
    "nixpkgs_2": {
      "locked": {
        "lastModified": 1783224372,
        "narHash": "sha256-8i/87eeoqiGE4yOTjwSA3Eh/ziJRQEmd/unYU+K27sk=",
        "owner": "nixos",
        "repo": "nixpkgs",
        "rev": "d407951447dcd00442e97087bf374aad70c04cea",
        "type": "github"
      },
      "original": {
        "owner": "nixos",
        "ref": "nixos-unstable",
        "repo": "nixpkgs",
        "type": "github"
      }
    },
    "nur": {
      "inputs": {
        "flake-parts": [
          "flake-parts"
        ],
        "nixpkgs": [
          "nixpkgs"
        ]
      },
      "locked": {
        "lastModified": 1783458100,
        "narHash": "sha256-88UGYSmhF5FJj3X3UeVmbiQ0SrLDpiiikmFcoowlq40=",
        "owner": "nix-community",
        "repo": "NUR",
        "rev": "fd13b6ee142e4dfec3bdd37717ae9b0e3e4e285e",
        "type": "github"
      },
      "original": {
        "owner": "nix-community",
        "repo": "NUR",
        "type": "github"
      }
    },
    "p": {
      "inputs": {
        "nixpkgs": [
          "nixpkgs"
        ]
      },
      "locked": {
        "lastModified": 1744487124,
        "narHash": "sha256-j8KKZ2kZOinBJX9QCKj67bCg/VwUp0jG3rNvHQt66rI=",
        "owner": "tomberek",
        "repo": "-",
        "rev": "f058aed419b07d63a8b995c9afccd90d5f4f17d3",
        "type": "github"
      },
      "original": {
        "owner": "tomberek",
        "repo": "-",
        "type": "github"
      }
    },
    "rofi-mum": {
      "inputs": {
        "flake-parts": [
          "flake-parts"
        ],
        "nixpkgs": [
          "nixpkgs"
        ]
      },
      "locked": {
        "lastModified": 1744635787,
        "narHash": "sha256-e99xdjMM+Fffxe1QgyTzzxqD8a2A8XEsmEPw/tefOz8=",
        "owner": "lykos153",
        "repo": "rofi-mum",
        "rev": "bad606f7dff2fd48c9d8a94f33e6fd1286ebde4e",
        "type": "github"
      },
      "original": {
        "owner": "lykos153",
        "repo": "rofi-mum",
        "type": "github"
      }
    },
    "root": {
      "inputs": {
        "desec-nu": "desec-nu",
        "direnv": "direnv",
        "disko": "disko",
        "flake-parts": "flake-parts",
        "home-manager": "home-manager",
        "impermanence": "impermanence",
        "json2nix": "json2nix",
        "mynur": "mynur",
        "nix-index-database": "nix-index-database",
        "nix-vscode-extensions": "nix-vscode-extensions",
        "nixpkgs": "nixpkgs_2",
        "nixpkgs-master": "nixpkgs-master",
        "nur": "nur",
        "p": "p",
        "rofi-mum": "rofi-mum",
        "sops-nix": "sops-nix",
        "yk8s-nu": "yk8s-nu"
      }
    },
    "sops-nix": {
      "inputs": {
        "nixpkgs": [
          "nixpkgs"
        ]
      },
      "locked": {
        "lastModified": 1783174389,
        "narHash": "sha256-aCWC8ngycU7OdJrU2+Je3qf+1a2ykuBvpPhZT/9tXMc=",
        "owner": "Mic92",
        "repo": "sops-nix",
        "rev": "f1406619a3884cd5c47992a70b8b35c9c0fcb4c9",
        "type": "github"
      },
      "original": {
        "owner": "Mic92",
        "repo": "sops-nix",
        "type": "github"
      }
    },
    "treefmt-nix": {
      "inputs": {
        "nixpkgs": [
          "direnv",
          "nixpkgs"
        ]
      },
      "locked": {
        "lastModified": 1780220602,
        "narHash": "sha256-eynAfOmbmxJnkp7YewvCEbShNnnYJ9gLLqkzsYtBPeM=",
        "owner": "numtide",
        "repo": "treefmt-nix",
        "rev": "db947814a175b7ca6ded66e21383d938df01c227",
        "type": "github"
      },
      "original": {
        "owner": "numtide",
        "repo": "treefmt-nix",
        "type": "github"
      }
    },
    "yk8s-nu": {
      "flake": false,
      "locked": {
        "lastModified": 1761836893,
        "narHash": "sha256-zz2+OnpLHcx1FauOel1hvU1WHTdRvy9BI2q6ax8ficc=",
        "owner": "lykos153",
        "repo": "yk8s-nu",
        "rev": "f36670f83907d20127fadd42f5b28ab1e08a722c",
        "type": "gitlab"
      },
      "original": {
        "owner": "lykos153",
        "repo": "yk8s-nu",
        "type": "gitlab"
      }
    }
  },
  "root": "root",
  "version": 7
}
