{
  "nodes": {
    "desec-nu": {
      "locked": {
        "lastModified": 1785279848,
        "narHash": "sha256-U2KHIjceI8fDRl/o9Uggi+3naxfGEeMi3Tpb2b9s6xs=",
        "ref": "refs/heads/main",
        "rev": "7706d145d9726d9519f4230180d2967162c1bc91",
        "revCount": 9,
        "type": "git",
        "url": "https://codeberg.org/lykos153/desec-nu.git"
      },
      "original": {
        "type": "git",
        "url": "https://codeberg.org/lykos153/desec-nu.git"
      }
    },
    "direnv": {
      "inputs": {
        "flake-parts": [
          "flake-parts"
        ],
        "nixpkgs": [
          "nixpkgs"
        ],
        "treefmt-nix": "treefmt-nix"
      },
      "locked": {
        "lastModified": 1785253632,
        "narHash": "sha256-P/h2C1LrXsTFlS+6V0eqhs2aQyoWYEAdis8ou+iWY8c=",
        "owner": "nix-community",
        "repo": "nix-direnv",
        "rev": "6f642b2f727479ecc632ac4ba63ff40c6b5b9b85",
        "type": "github"
      },
      "original": {
        "owner": "nix-community",
        "repo": "nix-direnv",
        "type": "github"
      }
    },
    "disko": {
      "inputs": {
        "nixpkgs": [
          "nixpkgs"
        ]
      },
      "locked": {
        "lastModified": 1781152676,
        "narHash": "sha256-RxWs5ND31KzTG7wvMM+PMfUjyNpmIEr999lqNARaM5o=",
        "owner": "nix-community",
        "repo": "disko",
        "rev": "ff8702b4de27f72b4c78573dfb89ec74e36abdf1",
        "type": "github"
      },
      "original": {
        "owner": "nix-community",
        "repo": "disko",
        "type": "github"
      }
    },
    "flake-parts": {
      "inputs": {
        "nixpkgs-lib": "nixpkgs-lib"
      },
      "locked": {
        "lastModified": 1782949081,
        "narHash": "sha256-vp6Y/Grm98ESt6ceOkWiHWyZRDV3J1RID4w+6NWK9yA=",
        "owner": "hercules-ci",
        "repo": "flake-parts",
        "rev": "17c9d6cdfc60c64f4ee8d306f9bc0b4ccb51481e",
        "type": "github"
      },
      "original": {
        "owner": "hercules-ci",
        "repo": "flake-parts",
        "type": "github"
      }
    },
    "home-manager": {
      "inputs": {
        "nixpkgs": [
          "nixpkgs"
        ]
      },
      "locked": {
        "lastModified": 1785256754,
        "narHash": "sha256-JtmCLELKd2jBBrLX1miXKW0dkNFZhvV1hEl5qW/830M=",
        "owner": "nix-community",
        "repo": "home-manager",
        "rev": "fe6c96269436ba80aa6453714947ce8dccdc7689",
        "type": "github"
      },
      "original": {
        "owner": "nix-community",
        "repo": "home-manager",
        "type": "github"
      }
    },
    "impermanence": {
      "inputs": {
        "home-manager": [
          "home-manager"
        ],
        "nixpkgs": "nixpkgs"
      },
      "locked": {
        "lastModified": 1769548169,
        "narHash": "sha256-03+JxvzmfwRu+5JafM0DLbxgHttOQZkUtDWBmeUkN8Y=",
        "owner": "nix-community",
        "repo": "impermanence",
        "rev": "7b1d382faf603b6d264f58627330f9faa5cba149",
        "type": "github"
      },
      "original": {
        "owner": "nix-community",
        "repo": "impermanence",
        "type": "github"
      }
    },
    "json2nix": {
      "inputs": {
        "flake-parts": [
          "flake-parts"
        ],
        "nixpkgs": [
          "nixpkgs"
        ]
      },
      "locked": {
        "lastModified": 1777898154,
        "narHash": "sha256-3u6Z8kFlz3j/Lu0/GN7muFOnEr8Hfg1XPhMN4SQe1Dg=",
        "owner": "cloudandheat",
        "repo": "json2nix",
        "rev": "9f6b36d6ca044a21dfab889d903c81d7d8c249c8",
        "type": "github"
      },
      "original": {
        "owner": "cloudandheat",
        "repo": "json2nix",
        "type": "github"
      }
    },
    "mynur": {
      "inputs": {
        "nixpkgs": [
          "nixpkgs"
        ]
      },
      "locked": {
        "lastModified": 1763334791,
        "narHash": "sha256-pDiE+5+7uluLmwOb9JWCMLjjWCfDWl90Wa/W27aZSG4=",
        "owner": "Lykos153",
        "repo": "nur-packages",
        "rev": "ffac42685a1862b2520621eba4ec6901d00aeca0",
        "type": "github"
      },
      "original": {
        "owner": "Lykos153",
        "repo": "nur-packages",
        "type": "github"
      }
    },
    "nix-index-database": {
      "inputs": {
        "nixpkgs": [
          "nixpkgs"
        ]
      },
      "locked": {
        "lastModified": 1785046085,
        "narHash": "sha256-UiK+mmZJuLWQVhJ5b2wDzogIYWAesyRm6LA3h3Ulh3Y=",
        "owner": "nix-community",
        "repo": "nix-index-database",
        "rev": "11665045df8b9938ef811a3bfdc65cffb02b4b70",
        "type": "github"
      },
      "original": {
        "owner": "nix-community",
        "repo": "nix-index-database",
        "type": "github"
      }
    },
    "nix-vscode-extensions": {
      "inputs": {
        "nixpkgs": [
          "nixpkgs"
        ]
      },
      "locked": {
        "lastModified": 1785207649,
        "narHash": "sha256-WXZaufPbN5TpPSRC03EW/SqxZeGyPn7xsJRw83Az/lM=",
        "owner": "nix-community",
        "repo": "nix-vscode-extensions",
        "rev": "2850e614a0627a0edbc7989c54f8d0079a96a343",
        "type": "github"
      },
      "original": {
        "owner": "nix-community",
        "repo": "nix-vscode-extensions",
        "type": "github"
      }
    },
    "nixpkgs": {
      "locked": {
        "lastModified": 1768564909,
        "narHash": "sha256-Kell/SpJYVkHWMvnhqJz/8DqQg2b6PguxVWOuadbHCc=",
        "owner": "nixos",
        "repo": "nixpkgs",
        "rev": "e4bae1bd10c9c57b2cf517953ab70060a828ee6f",
        "type": "github"
      },
      "original": {
        "owner": "nixos",
        "ref": "nixos-unstable",
        "repo": "nixpkgs",
        "type": "github"
      }
    },
    "nixpkgs-lib": {
      "locked": {
        "lastModified": 1782614948,
        "narHash": "sha256-ePjCwr1sNm9NYUqywL7QfK3JnlS015msC+eBu2zKlp8=",
        "owner": "nix-community",
        "repo": "nixpkgs.lib",
        "rev": "db3f255737b94216eb71cce308e2912cf6bc2d7c",
        "type": "github"
      },
      "original": {
        "owner": "nix-community",
        "repo": "nixpkgs.lib",
        "type": "github"
      }
    },
    "nixpkgs-master": {
      "locked": {
        "lastModified": 1785256323,
        "narHash": "sha256-QWIyY38bjxVVit/cqD50Qfu7kCxUNLLPyu5iqll6AoE=",
        "owner": "nixos",
        "repo": "nixpkgs",
        "rev": "55a47467088f122a37ca223c1663c7ec4a74be60",
        "type": "github"
      },
      "original": {
        "owner": "nixos",
        "ref": "master",
        "repo": "nixpkgs",
        "type": "github"
      }
    },
    "nixpkgs_2": {
      "locked": {
        "lastModified": 1785090369,
        "narHash": "sha256-m0pDuRJG7EDo9ri+4Ksu83VsI+PlxNC9lNBfydejce4=",
        "owner": "nixos",
        "repo": "nixpkgs",
        "rev": "624af665418d3c65d544145b4d34ad696439570e",
        "type": "github"
      },
      "original": {
        "owner": "nixos",
        "ref": "nixos-unstable",
        "repo": "nixpkgs",
        "type": "github"
      }
    },
    "nur": {
      "inputs": {
        "flake-parts": [
          "flake-parts"
        ],
        "nixpkgs": [
          "nixpkgs"
        ]
      },
      "locked": {
        "lastModified": 1785257203,
        "narHash": "sha256-4a3LRwITU0gj3vuVd1EbbVsE4J76AnReyfEnjMIpGfU=",
        "owner": "nix-community",
        "repo": "NUR",
        "rev": "24b49dd6e6561b8867f47742353a45f7c2538d2a",
        "type": "github"
      },
      "original": {
        "owner": "nix-community",
        "repo": "NUR",
        "type": "github"
      }
    },
    "p": {
      "inputs": {
        "nixpkgs": [
          "nixpkgs"
        ]
      },
      "locked": {
        "lastModified": 1744487124,
        "narHash": "sha256-j8KKZ2kZOinBJX9QCKj67bCg/VwUp0jG3rNvHQt66rI=",
        "owner": "tomberek",
        "repo": "-",
        "rev": "f058aed419b07d63a8b995c9afccd90d5f4f17d3",
        "type": "github"
      },
      "original": {
        "owner": "tomberek",
        "repo": "-",
        "type": "github"
      }
    },
    "rofi-mum": {
      "inputs": {
        "flake-parts": [
          "flake-parts"
        ],
        "nixpkgs": [
          "nixpkgs"
        ]
      },
      "locked": {
        "lastModified": 1744635787,
        "narHash": "sha256-e99xdjMM+Fffxe1QgyTzzxqD8a2A8XEsmEPw/tefOz8=",
        "owner": "lykos153",
        "repo": "rofi-mum",
        "rev": "bad606f7dff2fd48c9d8a94f33e6fd1286ebde4e",
        "type": "github"
      },
      "original": {
        "owner": "lykos153",
        "repo": "rofi-mum",
        "type": "github"
      }
    },
    "root": {
      "inputs": {
        "desec-nu": "desec-nu",
        "direnv": "direnv",
        "disko": "disko",
        "flake-parts": "flake-parts",
        "home-manager": "home-manager",
        "impermanence": "impermanence",
        "json2nix": "json2nix",
        "mynur": "mynur",
        "nix-index-database": "nix-index-database",
        "nix-vscode-extensions": "nix-vscode-extensions",
        "nixpkgs": "nixpkgs_2",
        "nixpkgs-master": "nixpkgs-master",
        "nur": "nur",
        "p": "p",
        "rofi-mum": "rofi-mum",
        "sops-nix": "sops-nix",
        "yk8s-nu": "yk8s-nu"
      }
    },
    "sops-nix": {
      "inputs": {
        "nixpkgs": [
          "nixpkgs"
        ]
      },
      "locked": {
        "lastModified": 1783174389,
        "narHash": "sha256-aCWC8ngycU7OdJrU2+Je3qf+1a2ykuBvpPhZT/9tXMc=",
        "owner": "Mic92",
        "repo": "sops-nix",
        "rev": "f1406619a3884cd5c47992a70b8b35c9c0fcb4c9",
        "type": "github"
      },
      "original": {
        "owner": "Mic92",
        "repo": "sops-nix",
        "type": "github"
      }
    },
    "treefmt-nix": {
      "inputs": {
        "nixpkgs": [
          "direnv",
          "nixpkgs"
        ]
      },
      "locked": {
        "lastModified": 1784369104,
        "narHash": "sha256-47cxbcZODibHv3rELFQ9vZly0vUNkND/atn/U7HLeb0=",
        "owner": "numtide",
        "repo": "treefmt-nix",
        "rev": "df3c0640565d04a0261253cdd89fce78ec50168a",
        "type": "github"
      },
      "original": {
        "owner": "numtide",
        "repo": "treefmt-nix",
        "type": "github"
      }
    },
    "yk8s-nu": {
      "flake": false,
      "locked": {
        "lastModified": 1761836893,
        "narHash": "sha256-zz2+OnpLHcx1FauOel1hvU1WHTdRvy9BI2q6ax8ficc=",
        "owner": "lykos153",
        "repo": "yk8s-nu",
        "rev": "f36670f83907d20127fadd42f5b28ab1e08a722c",
        "type": "gitlab"
      },
      "original": {
        "owner": "lykos153",
        "repo": "yk8s-nu",
        "type": "gitlab"
      }
    }
  },
  "root": "root",
  "version": 7
}
