{
  "nodes": {
    "disko": {
      "inputs": {
        "nixpkgs": [
          "nixpkgs"
        ]
      },
      "locked": {
        "lastModified": 1686545384,
        "narHash": "sha256-XniReOaWLjubBAXk6Wx2Ny6/b9Xdsx3viLhhs7ycuWw=",
        "owner": "nix-community",
        "repo": "disko",
        "rev": "55eea2030a42845102334eb29f054f0c6604a32c",
        "type": "github"
      },
      "original": {
        "owner": "nix-community",
        "repo": "disko",
        "type": "github"
      }
    },
    "nixpkgs": {
      "locked": {
        "lastModified": 1686582075,
        "narHash": "sha256-vtflsfKkHtF8IduxDNtbme4cojiqvlvjp5QNYhvoHXc=",
        "owner": "nixos",
        "repo": "nixpkgs",
        "rev": "7e63eed145566cca98158613f3700515b4009ce3",
        "type": "github"
      },
      "original": {
        "owner": "nixos",
        "ref": "nixpkgs-unstable",
        "repo": "nixpkgs",
        "type": "github"
      }
    },
    "nixpkgs-master": {
      "locked": {
        "lastModified": 1686767166,
        "narHash": "sha256-zrdYWQc6KaTXSFTI9LBbnrJ/X7UKaYp2HEXl97tSSmU=",
        "owner": "nixos",
        "repo": "nixpkgs",
        "rev": "ff1cd885da89c8f27091d7cf45af95b97970170f",
        "type": "github"
      },
      "original": {
        "owner": "nixos",
        "ref": "master",
        "repo": "nixpkgs",
        "type": "github"
      }
    },
    "root": {
      "inputs": {
        "disko": "disko",
        "nixpkgs": "nixpkgs",
        "nixpkgs-master": "nixpkgs-master"
      }
    }
  },
  "root": "root",
  "version": 7
}
