{
  "nodes": {
    "nixpkgs": {
      "locked": {
        "lastModified": 1683535585,
        "narHash": "sha256-ND6gCDEfuMNsaJlZQzEbl6hTGrAzURtLoZoGR5dJaCw=",
        "owner": "nixos",
        "repo": "nixpkgs",
        "rev": "d9b8ae36f31046dbcf05b6cdc45e860bf19b0b7e",
        "type": "github"
      },
      "original": {
        "owner": "nixos",
        "ref": "nixpkgs-unstable",
        "repo": "nixpkgs",
        "type": "github"
      }
    },
    "nixpkgs-master": {
      "locked": {
        "lastModified": 1683637522,
        "narHash": "sha256-8Hzus76auTVv+PIPy5fvS+AKbHVqt2TzZZnrgB+zorg=",
        "owner": "nixos",
        "repo": "nixpkgs",
        "rev": "b9ac35df44753fd2197bfc45977c069c28ad660c",
        "type": "github"
      },
      "original": {
        "owner": "nixos",
        "ref": "master",
        "repo": "nixpkgs",
        "type": "github"
      }
    },
    "root": {
      "inputs": {
        "nixpkgs": "nixpkgs",
        "nixpkgs-master": "nixpkgs-master"
      }
    }
  },
  "root": "root",
  "version": 7
}
