{
  "nodes": {
    "home-manager": {
      "inputs": {
        "nixpkgs": "nixpkgs"
      },
      "locked": {
        "lastModified": 1650190514,
        "narHash": "sha256-BoBvGT71yOfrNDTZQs7+FX0zb4yjMBETgIjtTsdJw+o=",
        "owner": "nix-community",
        "repo": "home-manager",
        "rev": "620ed197f3624dafa5f42e61d5c043f39b8df366",
        "type": "github"
      },
      "original": {
        "owner": "nix-community",
        "repo": "home-manager",
        "type": "github"
      }
    },
    "nixpkgs": {
      "locked": {
        "lastModified": 1650109093,
        "narHash": "sha256-tqlnKrAdJktRLXTou9le0oTqrYBAFpGscV5RADdpArU=",
        "owner": "NixOS",
        "repo": "nixpkgs",
        "rev": "faad370edcb37162401be50d45526f52bb16a713",
        "type": "github"
      },
      "original": {
        "id": "nixpkgs",
        "type": "indirect"
      }
    },
    "nixpkgs_2": {
      "locked": {
        "lastModified": 1650109093,
        "narHash": "sha256-tqlnKrAdJktRLXTou9le0oTqrYBAFpGscV5RADdpArU=",
        "owner": "nixos",
        "repo": "nixpkgs",
        "rev": "faad370edcb37162401be50d45526f52bb16a713",
        "type": "github"
      },
      "original": {
        "owner": "nixos",
        "ref": "nixpkgs-unstable",
        "repo": "nixpkgs",
        "type": "github"
      }
    },
    "nur": {
      "locked": {
        "lastModified": 1650198100,
        "narHash": "sha256-5Eq8tTSFg9AH55aPgegRkTTfFRpDxVN5zYZyU1F2vgA=",
        "owner": "nix-community",
        "repo": "NUR",
        "rev": "f4d1cf9133d3d31bd534bda6476fc8be67346d5c",
        "type": "github"
      },
      "original": {
        "id": "nur",
        "type": "indirect"
      }
    },
    "root": {
      "inputs": {
        "home-manager": "home-manager",
        "nixpkgs": "nixpkgs_2",
        "nur": "nur"
      }
    }
  },
  "root": "root",
  "version": 7
}
